// !$*UTF8*$!
{
	archiveVersion = 1;
	classes = {
	};
	objectVersion = 56;
	objects = {

/* Begin PBXBuildFile section */
		391E489829E492F00033298A /* AppDelegate.swift in Sources */ = {isa = PBXBuildFile; fileRef = 391E489729E492F00033298A /* AppDelegate.swift */; };
		391E489A29E492F00033298A /* SceneDelegate.swift in Sources */ = {isa = PBXBuildFile; fileRef = 391E489929E492F00033298A /* SceneDelegate.swift */; };
		391E489C29E492F00033298A /* RMTabViewController.swift in Sources */ = {isa = PBXBuildFile; fileRef = 391E489B29E492F00033298A /* RMTabViewController.swift */; };
		391E48A129E492F30033298A /* Assets.xcassets in Resources */ = {isa = PBXBuildFile; fileRef = 391E48A029E492F30033298A /* Assets.xcassets */; };
		391E48A429E492F30033298A /* LaunchScreen.storyboard in Resources */ = {isa = PBXBuildFile; fileRef = 391E48A229E492F30033298A /* LaunchScreen.storyboard */; };
		391E48B429E496A40033298A /* RMLocation.swift in Sources */ = {isa = PBXBuildFile; fileRef = 391E48B329E496A40033298A /* RMLocation.swift */; };
		391E48B629E496B40033298A /* RMCharacter.swift in Sources */ = {isa = PBXBuildFile; fileRef = 391E48B529E496B40033298A /* RMCharacter.swift */; };
		391E48B829E496C70033298A /* RMEpisode.swift in Sources */ = {isa = PBXBuildFile; fileRef = 391E48B729E496C70033298A /* RMEpisode.swift */; };
		391E48BB29E497590033298A /* RMCharacterViewController.swift in Sources */ = {isa = PBXBuildFile; fileRef = 391E48BA29E497590033298A /* RMCharacterViewController.swift */; };
		391E48BD29E4976A0033298A /* RMLocationViewController.swift in Sources */ = {isa = PBXBuildFile; fileRef = 391E48BC29E497690033298A /* RMLocationViewController.swift */; };
		391E48BF29E497800033298A /* RMEpisodeViewController.swift in Sources */ = {isa = PBXBuildFile; fileRef = 391E48BE29E497800033298A /* RMEpisodeViewController.swift */; };
		391E48C129E497960033298A /* RMSettingViewController.swift in Sources */ = {isa = PBXBuildFile; fileRef = 391E48C029E497960033298A /* RMSettingViewController.swift */; };
		391E48C329E4AD810033298A /* RMService.swift in Sources */ = {isa = PBXBuildFile; fileRef = 391E48C229E4AD810033298A /* RMService.swift */; };
		391E48C529E4AD9F0033298A /* RMRequest.swift in Sources */ = {isa = PBXBuildFile; fileRef = 391E48C429E4AD9F0033298A /* RMRequest.swift */; };
		391E48C729E4AEF70033298A /* RMEndpoint.swift in Sources */ = {isa = PBXBuildFile; fileRef = 391E48C629E4AEF70033298A /* RMEndpoint.swift */; };
/* End PBXBuildFile section */

/* Begin PBXFileReference section */
		391E489429E492F00033298A /* RickAndMorty.app */ = {isa = PBXFileReference; explicitFileType = wrapper.application; includeInIndex = 0; path = RickAndMorty.app; sourceTree = BUILT_PRODUCTS_DIR; };
		391E489729E492F00033298A /* AppDelegate.swift */ = {isa = PBXFileReference; lastKnownFileType = sourcecode.swift; path = AppDelegate.swift; sourceTree = "<group>"; };
		391E489929E492F00033298A /* SceneDelegate.swift */ = {isa = PBXFileReference; lastKnownFileType = sourcecode.swift; path = SceneDelegate.swift; sourceTree = "<group>"; };
		391E489B29E492F00033298A /* RMTabViewController.swift */ = {isa = PBXFileReference; lastKnownFileType = sourcecode.swift; path = RMTabViewController.swift; sourceTree = "<group>"; };
		391E48A029E492F30033298A /* Assets.xcassets */ = {isa = PBXFileReference; lastKnownFileType = folder.assetcatalog; path = Assets.xcassets; sourceTree = "<group>"; };
		391E48A329E492F30033298A /* Base */ = {isa = PBXFileReference; lastKnownFileType = file.storyboard; name = Base; path = Base.lproj/LaunchScreen.storyboard; sourceTree = "<group>"; };
		391E48A529E492F30033298A /* Info.plist */ = {isa = PBXFileReference; lastKnownFileType = text.plist.xml; path = Info.plist; sourceTree = "<group>"; };
		391E48B329E496A40033298A /* RMLocation.swift */ = {isa = PBXFileReference; lastKnownFileType = sourcecode.swift; path = RMLocation.swift; sourceTree = "<group>"; };
		391E48B529E496B40033298A /* RMCharacter.swift */ = {isa = PBXFileReference; lastKnownFileType = sourcecode.swift; path = RMCharacter.swift; sourceTree = "<group>"; };
		391E48B729E496C70033298A /* RMEpisode.swift */ = {isa = PBXFileReference; lastKnownFileType = sourcecode.swift; path = RMEpisode.swift; sourceTree = "<group>"; };
		391E48BA29E497590033298A /* RMCharacterViewController.swift */ = {isa = PBXFileReference; lastKnownFileType = sourcecode.swift; path = RMCharacterViewController.swift; sourceTree = "<group>"; };
		391E48BC29E497690033298A /* RMLocationViewController.swift */ = {isa = PBXFileReference; lastKnownFileType = sourcecode.swift; path = RMLocationViewController.swift; sourceTree = "<group>"; };
		391E48BE29E497800033298A /* RMEpisodeViewController.swift */ = {isa = PBXFileReference; lastKnownFileType = sourcecode.swift; path = RMEpisodeViewController.swift; sourceTree = "<group>"; };
		391E48C029E497960033298A /* RMSettingViewController.swift */ = {isa = PBXFileReference; lastKnownFileType = sourcecode.swift; path = RMSettingViewController.swift; sourceTree = "<group>"; };
		391E48C229E4AD810033298A /* RMService.swift */ = {isa = PBXFileReference; lastKnownFileType = sourcecode.swift; path = RMService.swift; sourceTree = "<group>"; };
		391E48C429E4AD9F0033298A /* RMRequest.swift */ = {isa = PBXFileReference; lastKnownFileType = sourcecode.swift; path = RMRequest.swift; sourceTree = "<group>"; };
		391E48C629E4AEF70033298A /* RMEndpoint.swift */ = {isa = PBXFileReference; lastKnownFileType = sourcecode.swift; path = RMEndpoint.swift; sourceTree = "<group>"; };
/* End PBXFileReference section */

/* Begin PBXFrameworksBuildPhase section */
		391E489129E492F00033298A /* Frameworks */ = {
			isa = PBXFrameworksBuildPhase;
			buildActionMask = 2147483647;
			files = (
			);
			runOnlyForDeploymentPostprocessing = 0;
		};
/* End PBXFrameworksBuildPhase section */

/* Begin PBXGroup section */
		391E488B29E492EF0033298A = {
			isa = PBXGroup;
			children = (
				391E489629E492F00033298A /* RickAndMorty */,
				391E489529E492F00033298A /* Products */,
			);
			sourceTree = "<group>";
		};
		391E489529E492F00033298A /* Products */ = {
			isa = PBXGroup;
			children = (
				391E489429E492F00033298A /* RickAndMorty.app */,
			);
			name = Products;
			sourceTree = "<group>";
		};
		391E489629E492F00033298A /* RickAndMorty */ = {
			isa = PBXGroup;
			children = (
				391E48B129E4961F0033298A /* Resources */,
				391E48B029E496180033298A /* Managers */,
				391E48AF29E4960F0033298A /* APIClient */,
				391E48AE29E496040033298A /* ViewModels */,
				391E48AD29E495F90033298A /* Views */,
				391E48AC29E495F00033298A /* Models */,
				391E48AB29E495E40033298A /* Controllers */,
				391E48A529E492F30033298A /* Info.plist */,
			);
			path = RickAndMorty;
			sourceTree = "<group>";
		};
		391E48AB29E495E40033298A /* Controllers */ = {
			isa = PBXGroup;
			children = (
				391E48B929E497220033298A /* Core */,
			);
			path = Controllers;
			sourceTree = "<group>";
		};
		391E48AC29E495F00033298A /* Models */ = {
			isa = PBXGroup;
			children = (
				391E48B329E496A40033298A /* RMLocation.swift */,
				391E48B529E496B40033298A /* RMCharacter.swift */,
				391E48B729E496C70033298A /* RMEpisode.swift */,
			);
			path = Models;
			sourceTree = "<group>";
		};
		391E48AD29E495F90033298A /* Views */ = {
			isa = PBXGroup;
			children = (
			);
			path = Views;
			sourceTree = "<group>";
		};
		391E48AE29E496040033298A /* ViewModels */ = {
			isa = PBXGroup;
			children = (
			);
			path = ViewModels;
			sourceTree = "<group>";
		};
		391E48AF29E4960F0033298A /* APIClient */ = {
			isa = PBXGroup;
			children = (
				391E48C229E4AD810033298A /* RMService.swift */,
				391E48C429E4AD9F0033298A /* RMRequest.swift */,
				391E48C629E4AEF70033298A /* RMEndpoint.swift */,
			);
			path = APIClient;
			sourceTree = "<group>";
		};
		391E48B029E496180033298A /* Managers */ = {
			isa = PBXGroup;
			children = (
			);
			path = Managers;
			sourceTree = "<group>";
		};
		391E48B129E4961F0033298A /* Resources */ = {
			isa = PBXGroup;
			children = (
				391E489729E492F00033298A /* AppDelegate.swift */,
				391E489929E492F00033298A /* SceneDelegate.swift */,
				391E48A229E492F30033298A /* LaunchScreen.storyboard */,
				391E48A029E492F30033298A /* Assets.xcassets */,
			);
			path = Resources;
			sourceTree = "<group>";
		};
		391E48B929E497220033298A /* Core */ = {
			isa = PBXGroup;
			children = (
				391E48BA29E497590033298A /* RMCharacterViewController.swift */,
				391E48BE29E497800033298A /* RMEpisodeViewController.swift */,
				391E489B29E492F00033298A /* RMTabViewController.swift */,
				391E48BC29E497690033298A /* RMLocationViewController.swift */,
				391E48C029E497960033298A /* RMSettingViewController.swift */,
			);
			path = Core;
			sourceTree = "<group>";
		};
/* End PBXGroup section */

/* Begin PBXNativeTarget section */
		391E489329E492F00033298A /* RickAndMorty */ = {
			isa = PBXNativeTarget;
			buildConfigurationList = 391E48A829E492F30033298A /* Build configuration list for PBXNativeTarget "RickAndMorty" */;
			buildPhases = (
				391E489029E492F00033298A /* Sources */,
				391E489129E492F00033298A /* Frameworks */,
				391E489229E492F00033298A /* Resources */,
			);
			buildRules = (
			);
			dependencies = (
			);
			name = RickAndMorty;
			productName = RickAndMorty;
			productReference = 391E489429E492F00033298A /* RickAndMorty.app */;
			productType = "com.apple.product-type.application";
		};
/* End PBXNativeTarget section */

/* Begin PBXProject section */
		391E488C29E492EF0033298A /* Project object */ = {
			isa = PBXProject;
			attributes = {
				BuildIndependentTargetsInParallel = 1;
				LastSwiftUpdateCheck = 1420;
				LastUpgradeCheck = 1420;
				TargetAttributes = {
					391E489329E492F00033298A = {
						CreatedOnToolsVersion = 14.2;
					};
				};
			};
			buildConfigurationList = 391E488F29E492EF0033298A /* Build configuration list for PBXProject "RickAndMorty" */;
			compatibilityVersion = "Xcode 14.0";
			developmentRegion = en;
			hasScannedForEncodings = 0;
			knownRegions = (
				en,
				Base,
			);
			mainGroup = 391E488B29E492EF0033298A;
			productRefGroup = 391E489529E492F00033298A /* Products */;
			projectDirPath = "";
			projectRoot = "";
			targets = (
				391E489329E492F00033298A /* RickAndMorty */,
			);
		};
/* End PBXProject section */

/* Begin PBXResourcesBuildPhase section */
		391E489229E492F00033298A /* Resources */ = {
			isa = PBXResourcesBuildPhase;
			buildActionMask = 2147483647;
			files = (
				391E48A429E492F30033298A /* LaunchScreen.storyboard in Resources */,
				391E48A129E492F30033298A /* Assets.xcassets in Resources */,
			);
			runOnlyForDeploymentPostprocessing = 0;
		};
/* End PBXResourcesBuildPhase section */

/* Begin PBXSourcesBuildPhase section */
		391E489029E492F00033298A /* Sources */ = {
			isa = PBXSourcesBuildPhase;
			buildActionMask = 2147483647;
			files = (
				391E48BD29E4976A0033298A /* RMLocationViewController.swift in Sources */,
				391E48B829E496C70033298A /* RMEpisode.swift in Sources */,
				391E489C29E492F00033298A /* RMTabViewController.swift in Sources */,
				391E48BF29E497800033298A /* RMEpisodeViewController.swift in Sources */,
				391E48C129E497960033298A /* RMSettingViewController.swift in Sources */,
				391E489829E492F00033298A /* AppDelegate.swift in Sources */,
				391E489A29E492F00033298A /* SceneDelegate.swift in Sources */,
				391E48C329E4AD810033298A /* RMService.swift in Sources */,
				391E48B429E496A40033298A /* RMLocation.swift in Sources */,
				391E48C729E4AEF70033298A /* RMEndpoint.swift in Sources */,
				391E48B629E496B40033298A /* RMCharacter.swift in Sources */,
				391E48C529E4AD9F0033298A /* RMRequest.swift in Sources */,
				391E48BB29E497590033298A /* RMCharacterViewController.swift in Sources */,
			);
			runOnlyForDeploymentPostprocessing = 0;
		};
/* End PBXSourcesBuildPhase section */

/* Begin PBXVariantGroup section */
		391E48A229E492F30033298A /* LaunchScreen.storyboard */ = {
			isa = PBXVariantGroup;
			children = (
				391E48A329E492F30033298A /* Base */,
			);
			name = LaunchScreen.storyboard;
			sourceTree = "<group>";
		};
/* End PBXVariantGroup section */

/* Begin XCBuildConfiguration section */
		391E48A629E492F30033298A /* Debug */ = {
			isa = XCBuildConfiguration;
			buildSettings = {
				ALWAYS_SEARCH_USER_PATHS = NO;
				CLANG_ANALYZER_NONNULL = YES;
				CLANG_ANALYZER_NUMBER_OBJECT_CONVERSION = YES_AGGRESSIVE;
				CLANG_CXX_LANGUAGE_STANDARD = "gnu++20";
				CLANG_ENABLE_MODULES = YES;
				CLANG_ENABLE_OBJC_ARC = YES;
				CLANG_ENABLE_OBJC_WEAK = YES;
				CLANG_WARN_BLOCK_CAPTURE_AUTORELEASING = YES;
				CLANG_WARN_BOOL_CONVERSION = YES;
				CLANG_WARN_COMMA = YES;
				CLANG_WARN_CONSTANT_CONVERSION = YES;
				CLANG_WARN_DEPRECATED_OBJC_IMPLEMENTATIONS = YES;
				CLANG_WARN_DIRECT_OBJC_ISA_USAGE = YES_ERROR;
				CLANG_WARN_DOCUMENTATION_COMMENTS = YES;
				CLANG_WARN_EMPTY_BODY = YES;
				CLANG_WARN_ENUM_CONVERSION = YES;
				CLANG_WARN_INFINITE_RECURSION = YES;
				CLANG_WARN_INT_CONVERSION = YES;
				CLANG_WARN_NON_LITERAL_NULL_CONVERSION = YES;
				CLANG_WARN_OBJC_IMPLICIT_RETAIN_SELF = YES;
				CLANG_WARN_OBJC_LITERAL_CONVERSION = YES;
				CLANG_WARN_OBJC_ROOT_CLASS = YES_ERROR;
				CLANG_WARN_QUOTED_INCLUDE_IN_FRAMEWORK_HEADER = YES;
				CLANG_WARN_RANGE_LOOP_ANALYSIS = YES;
				CLANG_WARN_STRICT_PROTOTYPES = YES;
				CLANG_WARN_SUSPICIOUS_MOVE = YES;
				CLANG_WARN_UNGUARDED_AVAILABILITY = YES_AGGRESSIVE;
				CLANG_WARN_UNREACHABLE_CODE = YES;
				CLANG_WARN__DUPLICATE_METHOD_MATCH = YES;
				COPY_PHASE_STRIP = NO;
				DEBUG_INFORMATION_FORMAT = dwarf;
				ENABLE_STRICT_OBJC_MSGSEND = YES;
				ENABLE_TESTABILITY = YES;
				GCC_C_LANGUAGE_STANDARD = gnu11;
				GCC_DYNAMIC_NO_PIC = NO;
				GCC_NO_COMMON_BLOCKS = YES;
				GCC_OPTIMIZATION_LEVEL = 0;
				GCC_PREPROCESSOR_DEFINITIONS = (
					"DEBUG=1",
					"$(inherited)",
				);
				GCC_WARN_64_TO_32_BIT_CONVERSION = YES;
				GCC_WARN_ABOUT_RETURN_TYPE = YES_ERROR;
				GCC_WARN_UNDECLARED_SELECTOR = YES;
				GCC_WARN_UNINITIALIZED_AUTOS = YES_AGGRESSIVE;
				GCC_WARN_UNUSED_FUNCTION = YES;
				GCC_WARN_UNUSED_VARIABLE = YES;
				IPHONEOS_DEPLOYMENT_TARGET = 16.2;
				MTL_ENABLE_DEBUG_INFO = INCLUDE_SOURCE;
				MTL_FAST_MATH = YES;
				ONLY_ACTIVE_ARCH = YES;
				SDKROOT = iphoneos;
				SWIFT_ACTIVE_COMPILATION_CONDITIONS = DEBUG;
				SWIFT_OPTIMIZATION_LEVEL = "-Onone";
			};
			name = Debug;
		};
		391E48A729E492F30033298A /* Release */ = {
			isa = XCBuildConfiguration;
			buildSettings = {
				ALWAYS_SEARCH_USER_PATHS = NO;
				CLANG_ANALYZER_NONNULL = YES;
				CLANG_ANALYZER_NUMBER_OBJECT_CONVERSION = YES_AGGRESSIVE;
				CLANG_CXX_LANGUAGE_STANDARD = "gnu++20";
				CLANG_ENABLE_MODULES = YES;
				CLANG_ENABLE_OBJC_ARC = YES;
				CLANG_ENABLE_OBJC_WEAK = YES;
				CLANG_WARN_BLOCK_CAPTURE_AUTORELEASING = YES;
				CLANG_WARN_BOOL_CONVERSION = YES;
				CLANG_WARN_COMMA = YES;
				CLANG_WARN_CONSTANT_CONVERSION = YES;
				CLANG_WARN_DEPRECATED_OBJC_IMPLEMENTATIONS = YES;
				CLANG_WARN_DIRECT_OBJC_ISA_USAGE = YES_ERROR;
				CLANG_WARN_DOCUMENTATION_COMMENTS = YES;
				CLANG_WARN_EMPTY_BODY = YES;
				CLANG_WARN_ENUM_CONVERSION = YES;
				CLANG_WARN_INFINITE_RECURSION = YES;
				CLANG_WARN_INT_CONVERSION = YES;
				CLANG_WARN_NON_LITERAL_NULL_CONVERSION = YES;
				CLANG_WARN_OBJC_IMPLICIT_RETAIN_SELF = YES;
				CLANG_WARN_OBJC_LITERAL_CONVERSION = YES;
				CLANG_WARN_OBJC_ROOT_CLASS = YES_ERROR;
				CLANG_WARN_QUOTED_INCLUDE_IN_FRAMEWORK_HEADER = YES;
				CLANG_WARN_RANGE_LOOP_ANALYSIS = YES;
				CLANG_WARN_STRICT_PROTOTYPES = YES;
				CLANG_WARN_SUSPICIOUS_MOVE = YES;
				CLANG_WARN_UNGUARDED_AVAILABILITY = YES_AGGRESSIVE;
				CLANG_WARN_UNREACHABLE_CODE = YES;
				CLANG_WARN__DUPLICATE_METHOD_MATCH = YES;
				COPY_PHASE_STRIP = NO;
				DEBUG_INFORMATION_FORMAT = "dwarf-with-dsym";
				ENABLE_NS_ASSERTIONS = NO;
				ENABLE_STRICT_OBJC_MSGSEND = YES;
				GCC_C_LANGUAGE_STANDARD = gnu11;
				GCC_NO_COMMON_BLOCKS = YES;
				GCC_WARN_64_TO_32_BIT_CONVERSION = YES;
				GCC_WARN_ABOUT_RETURN_TYPE = YES_ERROR;
				GCC_WARN_UNDECLARED_SELECTOR = YES;
				GCC_WARN_UNINITIALIZED_AUTOS = YES_AGGRESSIVE;
				GCC_WARN_UNUSED_FUNCTION = YES;
				GCC_WARN_UNUSED_VARIABLE = YES;
				IPHONEOS_DEPLOYMENT_TARGET = 16.2;
				MTL_ENABLE_DEBUG_INFO = NO;
				MTL_FAST_MATH = YES;
				SDKROOT = iphoneos;
				SWIFT_COMPILATION_MODE = wholemodule;
				SWIFT_OPTIMIZATION_LEVEL = "-O";
				VALIDATE_PRODUCT = YES;
			};
			name = Release;
		};
		391E48A929E492F30033298A /* Debug */ = {
			isa = XCBuildConfiguration;
			buildSettings = {
				ASSETCATALOG_COMPILER_APPICON_NAME = AppIcon;
				ASSETCATALOG_COMPILER_GLOBAL_ACCENT_COLOR_NAME = AccentColor;
				CODE_SIGN_STYLE = Automatic;
				CURRENT_PROJECT_VERSION = 1;
				DEVELOPMENT_TEAM = 3N2647N98U;
				GENERATE_INFOPLIST_FILE = YES;
				INFOPLIST_FILE = RickAndMorty/Info.plist;
				INFOPLIST_KEY_UIApplicationSupportsIndirectInputEvents = YES;
				INFOPLIST_KEY_UILaunchStoryboardName = LaunchScreen;
				INFOPLIST_KEY_UISupportedInterfaceOrientations_iPad = "UIInterfaceOrientationPortrait UIInterfaceOrientationPortraitUpsideDown UIInterfaceOrientationLandscapeLeft UIInterfaceOrientationLandscapeRight";
				INFOPLIST_KEY_UISupportedInterfaceOrientations_iPhone = "UIInterfaceOrientationPortrait UIInterfaceOrientationLandscapeLeft UIInterfaceOrientationLandscapeRight";
				LD_RUNPATH_SEARCH_PATHS = (
					"$(inherited)",
					"@executable_path/Frameworks",
				);
				MARKETING_VERSION = 1.0;
				PRODUCT_BUNDLE_IDENTIFIER = Mina.RickAndMorty;
				PRODUCT_NAME = "$(TARGET_NAME)";
				SWIFT_EMIT_LOC_STRINGS = YES;
				SWIFT_VERSION = 5.0;
				TARGETED_DEVICE_FAMILY = "1,2";
			};
			name = Debug;
		};
		391E48AA29E492F30033298A /* Release */ = {
			isa = XCBuildConfiguration;
			buildSettings = {
				ASSETCATALOG_COMPILER_APPICON_NAME = AppIcon;
				ASSETCATALOG_COMPILER_GLOBAL_ACCENT_COLOR_NAME = AccentColor;
				CODE_SIGN_STYLE = Automatic;
				CURRENT_PROJECT_VERSION = 1;
				DEVELOPMENT_TEAM = 3N2647N98U;
				GENERATE_INFOPLIST_FILE = YES;
				INFOPLIST_FILE = RickAndMorty/Info.plist;
				INFOPLIST_KEY_UIApplicationSupportsIndirectInputEvents = YES;
				INFOPLIST_KEY_UILaunchStoryboardName = LaunchScreen;
				INFOPLIST_KEY_UISupportedInterfaceOrientations_iPad = "UIInterfaceOrientationPortrait UIInterfaceOrientationPortraitUpsideDown UIInterfaceOrientationLandscapeLeft UIInterfaceOrientationLandscapeRight";
				INFOPLIST_KEY_UISupportedInterfaceOrientations_iPhone = "UIInterfaceOrientationPortrait UIInterfaceOrientationLandscapeLeft UIInterfaceOrientationLandscapeRight";
				LD_RUNPATH_SEARCH_PATHS = (
					"$(inherited)",
					"@executable_path/Frameworks",
				);
				MARKETING_VERSION = 1.0;
				PRODUCT_BUNDLE_IDENTIFIER = Mina.RickAndMorty;
				PRODUCT_NAME = "$(TARGET_NAME)";
				SWIFT_EMIT_LOC_STRINGS = YES;
				SWIFT_VERSION = 5.0;
				TARGETED_DEVICE_FAMILY = "1,2";
			};
			name = Release;
		};
/* End XCBuildConfiguration section */

/* Begin XCConfigurationList section */
		391E488F29E492EF0033298A /* Build configuration list for PBXProject "RickAndMorty" */ = {
			isa = XCConfigurationList;
			buildConfigurations = (
				391E48A629E492F30033298A /* Debug */,
				391E48A729E492F30033298A /* Release */,
			);
			defaultConfigurationIsVisible = 0;
			defaultConfigurationName = Release;
		};
		391E48A829E492F30033298A /* Build configuration list for PBXNativeTarget "RickAndMorty" */ = {
			isa = XCConfigurationList;
			buildConfigurations = (
				391E48A929E492F30033298A /* Debug */,
				391E48AA29E492F30033298A /* Release */,
			);
			defaultConfigurationIsVisible = 0;
			defaultConfigurationName = Release;
		};
/* End XCConfigurationList section */
	};
	rootObject = 391E488C29E492EF0033298A /* Project object */;
}
